// !$*UTF8*$!
{
	archiveVersion = 1;
	classes = {
	};
	objectVersion = 48;
	objects = {

/* Begin PBXBuildFile section */
		AB7DEC99209D496900B807E8 /* AppDelegate.swift in Sources */ = {isa = PBXBuildFile; fileRef = AB7DEC98209D496900B807E8 /* AppDelegate.swift */; };
		AB7DEC9B209D496900B807E8 /* ViewController.swift in Sources */ = {isa = PBXBuildFile; fileRef = AB7DEC9A209D496900B807E8 /* ViewController.swift */; };
		AB7DEC9E209D496900B807E8 /* Main.storyboard in Resources */ = {isa = PBXBuildFile; fileRef = AB7DEC9C209D496900B807E8 /* Main.storyboard */; };
		AB7DECA0209D496900B807E8 /* Assets.xcassets in Resources */ = {isa = PBXBuildFile; fileRef = AB7DEC9F209D496900B807E8 /* Assets.xcassets */; };
		AB7DECA3209D496900B807E8 /* LaunchScreen.storyboard in Resources */ = {isa = PBXBuildFile; fileRef = AB7DECA1209D496900B807E8 /* LaunchScreen.storyboard */; };
		ABBC74E0209E823600825365 /* OtherGraphsController.swift in Sources */ = {isa = PBXBuildFile; fileRef = ABBC74DF209E823600825365 /* OtherGraphsController.swift */; };
		ABBC74E2209F6C2D00825365 /* LineGraphController.swift in Sources */ = {isa = PBXBuildFile; fileRef = ABBC74E1209F6C2D00825365 /* LineGraphController.swift */; };
		ABBC74E4209FFCE300825365 /* PieChartController.swift in Sources */ = {isa = PBXBuildFile; fileRef = ABBC74E3209FFCE200825365 /* PieChartController.swift */; };
		ABBC74E820A0120700825365 /* KDCircularProgress.swift in Sources */ = {isa = PBXBuildFile; fileRef = ABBC74E720A0120600825365 /* KDCircularProgress.swift */; };
		ABBC74EA20A0122800825365 /* KDPieChart.swift in Sources */ = {isa = PBXBuildFile; fileRef = ABBC74E920A0122800825365 /* KDPieChart.swift */; };
		ABBC74F420A12D9800825365 /* ProgressBarController.swift in Sources */ = {isa = PBXBuildFile; fileRef = ABBC74F320A12D9800825365 /* ProgressBarController.swift */; };
		ABBC750620A131B300825365 /* .gitkeep in Resources */ = {isa = PBXBuildFile; fileRef = ABBC74F720A131B300825365 /* .gitkeep */; };
		ABBC750720A131B300825365 /* .gitkeep in Resources */ = {isa = PBXBuildFile; fileRef = ABBC74F920A131B300825365 /* .gitkeep */; };
		ABBC750820A131B300825365 /* FrameCalculator.swift in Sources */ = {isa = PBXBuildFile; fileRef = ABBC74FA20A131B300825365 /* FrameCalculator.swift */; };
		ABBC750920A131B300825365 /* GTProgressBar.swift in Sources */ = {isa = PBXBuildFile; fileRef = ABBC74FB20A131B300825365 /* GTProgressBar.swift */; };
		ABBC750A20A131B300825365 /* GTProgressBarCornerType.swift in Sources */ = {isa = PBXBuildFile; fileRef = ABBC74FC20A131B300825365 /* GTProgressBarCornerType.swift */; };
		ABBC750B20A131B300825365 /* GTProgressBarDirection.swift in Sources */ = {isa = PBXBuildFile; fileRef = ABBC74FD20A131B300825365 /* GTProgressBarDirection.swift */; };
		ABBC750C20A131B300825365 /* GTProgressBarLabelPosition.swift in Sources */ = {isa = PBXBuildFile; fileRef = ABBC74FE20A131B300825365 /* GTProgressBarLabelPosition.swift */; };
		ABBC750D20A131B300825365 /* GTProgressBarOrientation.swift in Sources */ = {isa = PBXBuildFile; fileRef = ABBC74FF20A131B300825365 /* GTProgressBarOrientation.swift */; };
		ABBC750E20A131B300825365 /* HorizontalLabelPositionFrameCalculator.swift in Sources */ = {isa = PBXBuildFile; fileRef = ABBC750020A131B300825365 /* HorizontalLabelPositionFrameCalculator.swift */; };
		ABBC750F20A131B300825365 /* UILabelExtensions.swift in Sources */ = {isa = PBXBuildFile; fileRef = ABBC750120A131B300825365 /* UILabelExtensions.swift */; };
		ABBC751020A131B300825365 /* UIViewExtensions.swift in Sources */ = {isa = PBXBuildFile; fileRef = ABBC750220A131B300825365 /* UIViewExtensions.swift */; };
		ABBC751120A131B300825365 /* VerticalLabelPositionFrameCalculator.swift in Sources */ = {isa = PBXBuildFile; fileRef = ABBC750320A131B300825365 /* VerticalLabelPositionFrameCalculator.swift */; };
		ABBC751220A131B300825365 /* Info.plist in Resources */ = {isa = PBXBuildFile; fileRef = ABBC750520A131B300825365 /* Info.plist */; };
		ABBC753220A13AE600825365 /* AllChartsController.swift in Sources */ = {isa = PBXBuildFile; fileRef = ABBC753120A13AE600825365 /* AllChartsController.swift */; };
		DC2C100A1FA6130730330A17 /* Pods_IOS_Charts.framework in Frameworks */ = {isa = PBXBuildFile; fileRef = 30D31B2C5D3210D18D9C5C16 /* Pods_IOS_Charts.framework */; };
/* End PBXBuildFile section */

/* Begin PBXFileReference section */
		30D31B2C5D3210D18D9C5C16 /* Pods_IOS_Charts.framework */ = {isa = PBXFileReference; explicitFileType = wrapper.framework; includeInIndex = 0; path = Pods_IOS_Charts.framework; sourceTree = BUILT_PRODUCTS_DIR; };
		7B4187BFDF49CAA35DB15102 /* Pods-IOS Charts.debug.xcconfig */ = {isa = PBXFileReference; includeInIndex = 1; lastKnownFileType = text.xcconfig; name = "Pods-IOS Charts.debug.xcconfig"; path = "Pods/Target Support Files/Pods-IOS Charts/Pods-IOS Charts.debug.xcconfig"; sourceTree = "<group>"; };
		AB7DEC95209D496900B807E8 /* IOS Charts.app */ = {isa = PBXFileReference; explicitFileType = wrapper.application; includeInIndex = 0; path = "IOS Charts.app"; sourceTree = BUILT_PRODUCTS_DIR; };
		AB7DEC98209D496900B807E8 /* AppDelegate.swift */ = {isa = PBXFileReference; lastKnownFileType = sourcecode.swift; path = AppDelegate.swift; sourceTree = "<group>"; };
		AB7DEC9A209D496900B807E8 /* ViewController.swift */ = {isa = PBXFileReference; lastKnownFileType = sourcecode.swift; path = ViewController.swift; sourceTree = "<group>"; };
		AB7DEC9D209D496900B807E8 /* Base */ = {isa = PBXFileReference; lastKnownFileType = file.storyboard; name = Base; path = Base.lproj/Main.storyboard; sourceTree = "<group>"; };
		AB7DEC9F209D496900B807E8 /* Assets.xcassets */ = {isa = PBXFileReference; lastKnownFileType = folder.assetcatalog; path = Assets.xcassets; sourceTree = "<group>"; };
		AB7DECA2209D496900B807E8 /* Base */ = {isa = PBXFileReference; lastKnownFileType = file.storyboard; name = Base; path = Base.lproj/LaunchScreen.storyboard; sourceTree = "<group>"; };
		AB7DECA4209D496900B807E8 /* Info.plist */ = {isa = PBXFileReference; lastKnownFileType = text.plist.xml; path = Info.plist; sourceTree = "<group>"; };
		ABBC74DF209E823600825365 /* OtherGraphsController.swift */ = {isa = PBXFileReference; lastKnownFileType = sourcecode.swift; path = OtherGraphsController.swift; sourceTree = "<group>"; };
		ABBC74E1209F6C2D00825365 /* LineGraphController.swift */ = {isa = PBXFileReference; lastKnownFileType = sourcecode.swift; path = LineGraphController.swift; sourceTree = "<group>"; };
		ABBC74E3209FFCE200825365 /* PieChartController.swift */ = {isa = PBXFileReference; lastKnownFileType = sourcecode.swift; path = PieChartController.swift; sourceTree = "<group>"; };
		ABBC74E720A0120600825365 /* KDCircularProgress.swift */ = {isa = PBXFileReference; fileEncoding = 4; lastKnownFileType = sourcecode.swift; name = KDCircularProgress.swift; path = "../../../Downloads/KDCircularProgress-master/KDCircularProgress/KDCircularProgress.swift"; sourceTree = "<group>"; };
		ABBC74E920A0122800825365 /* KDPieChart.swift */ = {isa = PBXFileReference; lastKnownFileType = sourcecode.swift; path = KDPieChart.swift; sourceTree = "<group>"; };
		ABBC74F320A12D9800825365 /* ProgressBarController.swift */ = {isa = PBXFileReference; lastKnownFileType = sourcecode.swift; path = ProgressBarController.swift; sourceTree = "<group>"; };
		ABBC74F720A131B300825365 /* .gitkeep */ = {isa = PBXFileReference; fileEncoding = 4; lastKnownFileType = text; path = .gitkeep; sourceTree = "<group>"; };
		ABBC74F920A131B300825365 /* .gitkeep */ = {isa = PBXFileReference; fileEncoding = 4; lastKnownFileType = text; path = .gitkeep; sourceTree = "<group>"; };
		ABBC74FA20A131B300825365 /* FrameCalculator.swift */ = {isa = PBXFileReference; fileEncoding = 4; lastKnownFileType = sourcecode.swift; path = FrameCalculator.swift; sourceTree = "<group>"; };
		ABBC74FB20A131B300825365 /* GTProgressBar.swift */ = {isa = PBXFileReference; fileEncoding = 4; lastKnownFileType = sourcecode.swift; path = GTProgressBar.swift; sourceTree = "<group>"; };
		ABBC74FC20A131B300825365 /* GTProgressBarCornerType.swift */ = {isa = PBXFileReference; fileEncoding = 4; lastKnownFileType = sourcecode.swift; path = GTProgressBarCornerType.swift; sourceTree = "<group>"; };
		ABBC74FD20A131B300825365 /* GTProgressBarDirection.swift */ = {isa = PBXFileReference; fileEncoding = 4; lastKnownFileType = sourcecode.swift; path = GTProgressBarDirection.swift; sourceTree = "<group>"; };
		ABBC74FE20A131B300825365 /* GTProgressBarLabelPosition.swift */ = {isa = PBXFileReference; fileEncoding = 4; lastKnownFileType = sourcecode.swift; path = GTProgressBarLabelPosition.swift; sourceTree = "<group>"; };
		ABBC74FF20A131B300825365 /* GTProgressBarOrientation.swift */ = {isa = PBXFileReference; fileEncoding = 4; lastKnownFileType = sourcecode.swift; path = GTProgressBarOrientation.swift; sourceTree = "<group>"; };
		ABBC750020A131B300825365 /* HorizontalLabelPositionFrameCalculator.swift */ = {isa = PBXFileReference; fileEncoding = 4; lastKnownFileType = sourcecode.swift; path = HorizontalLabelPositionFrameCalculator.swift; sourceTree = "<group>"; };
		ABBC750120A131B300825365 /* UILabelExtensions.swift */ = {isa = PBXFileReference; fileEncoding = 4; lastKnownFileType = sourcecode.swift; path = UILabelExtensions.swift; sourceTree = "<group>"; };
		ABBC750220A131B300825365 /* UIViewExtensions.swift */ = {isa = PBXFileReference; fileEncoding = 4; lastKnownFileType = sourcecode.swift; path = UIViewExtensions.swift; sourceTree = "<group>"; };
		ABBC750320A131B300825365 /* VerticalLabelPositionFrameCalculator.swift */ = {isa = PBXFileReference; fileEncoding = 4; lastKnownFileType = sourcecode.swift; path = VerticalLabelPositionFrameCalculator.swift; sourceTree = "<group>"; };
		ABBC750420A131B300825365 /* GTProgressBar.h */ = {isa = PBXFileReference; fileEncoding = 4; lastKnownFileType = sourcecode.c.h; path = GTProgressBar.h; sourceTree = "<group>"; };
		ABBC750520A131B300825365 /* Info.plist */ = {isa = PBXFileReference; fileEncoding = 4; lastKnownFileType = text.plist.xml; path = Info.plist; sourceTree = "<group>"; };
		ABBC753120A13AE600825365 /* AllChartsController.swift */ = {isa = PBXFileReference; lastKnownFileType = sourcecode.swift; path = AllChartsController.swift; sourceTree = "<group>"; };
		E61D5D192ACEA7829DB05E67 /* Pods-IOS Charts.release.xcconfig */ = {isa = PBXFileReference; includeInIndex = 1; lastKnownFileType = text.xcconfig; name = "Pods-IOS Charts.release.xcconfig"; path = "Pods/Target Support Files/Pods-IOS Charts/Pods-IOS Charts.release.xcconfig"; sourceTree = "<group>"; };
/* End PBXFileReference section */

/* Begin PBXFrameworksBuildPhase section */
		AB7DEC92209D496900B807E8 /* Frameworks */ = {
			isa = PBXFrameworksBuildPhase;
			buildActionMask = 2147483647;
			files = (
				DC2C100A1FA6130730330A17 /* Pods_IOS_Charts.framework in Frameworks */,
			);
			runOnlyForDeploymentPostprocessing = 0;
		};
/* End PBXFrameworksBuildPhase section */

/* Begin PBXGroup section */
		5A3F6CF03DD2EA9C721B6D48 /* Pods */ = {
			isa = PBXGroup;
			children = (
				7B4187BFDF49CAA35DB15102 /* Pods-IOS Charts.debug.xcconfig */,
				E61D5D192ACEA7829DB05E67 /* Pods-IOS Charts.release.xcconfig */,
			);
			name = Pods;
			sourceTree = "<group>";
		};
		AB7DEC8C209D496900B807E8 = {
			isa = PBXGroup;
			children = (
				AB7DEC97209D496900B807E8 /* IOS Charts */,
				AB7DEC96209D496900B807E8 /* Products */,
				5A3F6CF03DD2EA9C721B6D48 /* Pods */,
				D20EC9CF621236D6E324C5EA /* Frameworks */,
			);
			sourceTree = "<group>";
		};
		AB7DEC96209D496900B807E8 /* Products */ = {
			isa = PBXGroup;
			children = (
				AB7DEC95209D496900B807E8 /* IOS Charts.app */,
			);
			name = Products;
			sourceTree = "<group>";
		};
		AB7DEC97209D496900B807E8 /* IOS Charts */ = {
			isa = PBXGroup;
			children = (
				AB7DEC98209D496900B807E8 /* AppDelegate.swift */,
				ABBC753120A13AE600825365 /* AllChartsController.swift */,
				AB7DEC9A209D496900B807E8 /* ViewController.swift */,
				ABBC74DF209E823600825365 /* OtherGraphsController.swift */,
				ABBC74E1209F6C2D00825365 /* LineGraphController.swift */,
				ABBC74E3209FFCE200825365 /* PieChartController.swift */,
				ABBC74E920A0122800825365 /* KDPieChart.swift */,
				ABBC74E720A0120600825365 /* KDCircularProgress.swift */,
				AB7DEC9C209D496900B807E8 /* Main.storyboard */,
				ABBC74F320A12D9800825365 /* ProgressBarController.swift */,
				ABBC74F520A131B300825365 /* GTProgressBar */,
				AB7DEC9F209D496900B807E8 /* Assets.xcassets */,
				AB7DECA4209D496900B807E8 /* Info.plist */,
				AB7DECA1209D496900B807E8 /* LaunchScreen.storyboard */,
			);
			path = "IOS Charts";
			sourceTree = "<group>";
		};
		ABBC74F520A131B300825365 /* GTProgressBar */ = {
			isa = PBXGroup;
			children = (
				ABBC74F620A131B300825365 /* Assets */,
				ABBC74F820A131B300825365 /* Classes */,
				ABBC750420A131B300825365 /* GTProgressBar.h */,
				ABBC750520A131B300825365 /* Info.plist */,
			);
			name = GTProgressBar;
			path = "../../../Downloads/GTProgressBar-master/GTProgressBar";
			sourceTree = "<group>";
		};
		ABBC74F620A131B300825365 /* Assets */ = {
			isa = PBXGroup;
			children = (
				ABBC74F720A131B300825365 /* .gitkeep */,
			);
			path = Assets;
			sourceTree = "<group>";
		};
		ABBC74F820A131B300825365 /* Classes */ = {
			isa = PBXGroup;
			children = (
				ABBC74F920A131B300825365 /* .gitkeep */,
				ABBC74FA20A131B300825365 /* FrameCalculator.swift */,
				ABBC74FB20A131B300825365 /* GTProgressBar.swift */,
				ABBC74FC20A131B300825365 /* GTProgressBarCornerType.swift */,
				ABBC74FD20A131B300825365 /* GTProgressBarDirection.swift */,
				ABBC74FE20A131B300825365 /* GTProgressBarLabelPosition.swift */,
				ABBC74FF20A131B300825365 /* GTProgressBarOrientation.swift */,
				ABBC750020A131B300825365 /* HorizontalLabelPositionFrameCalculator.swift */,
				ABBC750120A131B300825365 /* UILabelExtensions.swift */,
				ABBC750220A131B300825365 /* UIViewExtensions.swift */,
				ABBC750320A131B300825365 /* VerticalLabelPositionFrameCalculator.swift */,
			);
			path = Classes;
			sourceTree = "<group>";
		};
		D20EC9CF621236D6E324C5EA /* Frameworks */ = {
			isa = PBXGroup;
			children = (
				30D31B2C5D3210D18D9C5C16 /* Pods_IOS_Charts.framework */,
			);
			name = Frameworks;
			sourceTree = "<group>";
		};
/* End PBXGroup section */

/* Begin PBXNativeTarget section */
		AB7DEC94209D496900B807E8 /* IOS Charts */ = {
			isa = PBXNativeTarget;
			buildConfigurationList = AB7DECA7209D496900B807E8 /* Build configuration list for PBXNativeTarget "IOS Charts" */;
			buildPhases = (
				C7EC27F52564217E055B700E /* [CP] Check Pods Manifest.lock */,
				AB7DEC91209D496900B807E8 /* Sources */,
				AB7DEC92209D496900B807E8 /* Frameworks */,
				AB7DEC93209D496900B807E8 /* Resources */,
				28A35DC93EE59E3898989BDC /* [CP] Embed Pods Frameworks */,
				2BDDCDA7163B06DACC8BB22F /* [CP] Copy Pods Resources */,
			);
			buildRules = (
			);
			dependencies = (
			);
			name = "IOS Charts";
			productName = "IOS Charts";
			productReference = AB7DEC95209D496900B807E8 /* IOS Charts.app */;
			productType = "com.apple.product-type.application";
		};
/* End PBXNativeTarget section */

/* Begin PBXProject section */
		AB7DEC8D209D496900B807E8 /* Project object */ = {
			isa = PBXProject;
			attributes = {
				LastSwiftUpdateCheck = 0910;
				LastUpgradeCheck = 0910;
				ORGANIZATIONNAME = jallen.studios;
				TargetAttributes = {
					AB7DEC94209D496900B807E8 = {
						CreatedOnToolsVersion = 9.1;
						ProvisioningStyle = Automatic;
					};
				};
			};
			buildConfigurationList = AB7DEC90209D496900B807E8 /* Build configuration list for PBXProject "IOS Charts" */;
			compatibilityVersion = "Xcode 8.0";
			developmentRegion = en;
			hasScannedForEncodings = 0;
			knownRegions = (
				en,
				Base,
			);
			mainGroup = AB7DEC8C209D496900B807E8;
			productRefGroup = AB7DEC96209D496900B807E8 /* Products */;
			projectDirPath = "";
			projectRoot = "";
			targets = (
				AB7DEC94209D496900B807E8 /* IOS Charts */,
			);
		};
/* End PBXProject section */

/* Begin PBXResourcesBuildPhase section */
		AB7DEC93209D496900B807E8 /* Resources */ = {
			isa = PBXResourcesBuildPhase;
			buildActionMask = 2147483647;
			files = (
				AB7DECA3209D496900B807E8 /* LaunchScreen.storyboard in Resources */,
				ABBC750620A131B300825365 /* .gitkeep in Resources */,
				ABBC750720A131B300825365 /* .gitkeep in Resources */,
				AB7DECA0209D496900B807E8 /* Assets.xcassets in Resources */,
				AB7DEC9E209D496900B807E8 /* Main.storyboard in Resources */,
				ABBC751220A131B300825365 /* Info.plist in Resources */,
			);
			runOnlyForDeploymentPostprocessing = 0;
		};
/* End PBXResourcesBuildPhase section */

/* Begin PBXShellScriptBuildPhase section */
		28A35DC93EE59E3898989BDC /* [CP] Embed Pods Frameworks */ = {
			isa = PBXShellScriptBuildPhase;
			buildActionMask = 2147483647;
			files = (
			);
			inputPaths = (
				"${SRCROOT}/Pods/Target Support Files/Pods-IOS Charts/Pods-IOS Charts-frameworks.sh",
				"${BUILT_PRODUCTS_DIR}/Charts/Charts.framework",
			);
			name = "[CP] Embed Pods Frameworks";
			outputPaths = (
				"${TARGET_BUILD_DIR}/${FRAMEWORKS_FOLDER_PATH}/Charts.framework",
			);
			runOnlyForDeploymentPostprocessing = 0;
			shellPath = /bin/sh;
			shellScript = "\"${SRCROOT}/Pods/Target Support Files/Pods-IOS Charts/Pods-IOS Charts-frameworks.sh\"\n";
			showEnvVarsInLog = 0;
		};
		2BDDCDA7163B06DACC8BB22F /* [CP] Copy Pods Resources */ = {
			isa = PBXShellScriptBuildPhase;
			buildActionMask = 2147483647;
			files = (
			);
			inputPaths = (
			);
			name = "[CP] Copy Pods Resources";
			outputPaths = (
			);
			runOnlyForDeploymentPostprocessing = 0;
			shellPath = /bin/sh;
			shellScript = "\"${SRCROOT}/Pods/Target Support Files/Pods-IOS Charts/Pods-IOS Charts-resources.sh\"\n";
			showEnvVarsInLog = 0;
		};
		C7EC27F52564217E055B700E /* [CP] Check Pods Manifest.lock */ = {
			isa = PBXShellScriptBuildPhase;
			buildActionMask = 2147483647;
			files = (
			);
			inputPaths = (
				"${PODS_PODFILE_DIR_PATH}/Podfile.lock",
				"${PODS_ROOT}/Manifest.lock",
			);
			name = "[CP] Check Pods Manifest.lock";
			outputPaths = (
				"$(DERIVED_FILE_DIR)/Pods-IOS Charts-checkManifestLockResult.txt",
			);
			runOnlyForDeploymentPostprocessing = 0;
			shellPath = /bin/sh;
			shellScript = "diff \"${PODS_PODFILE_DIR_PATH}/Podfile.lock\" \"${PODS_ROOT}/Manifest.lock\" > /dev/null\nif [ $? != 0 ] ; then\n    # print error to STDERR\n    echo \"error: The sandbox is not in sync with the Podfile.lock. Run 'pod install' or update your CocoaPods installation.\" >&2\n    exit 1\nfi\n# This output is used by Xcode 'outputs' to avoid re-running this script phase.\necho \"SUCCESS\" > \"${SCRIPT_OUTPUT_FILE_0}\"\n";
			showEnvVarsInLog = 0;
		};
/* End PBXShellScriptBuildPhase section */

/* Begin PBXSourcesBuildPhase section */
		AB7DEC91209D496900B807E8 /* Sources */ = {
			isa = PBXSourcesBuildPhase;
			buildActionMask = 2147483647;
			files = (
				ABBC74E820A0120700825365 /* KDCircularProgress.swift in Sources */,
				ABBC74EA20A0122800825365 /* KDPieChart.swift in Sources */,
				ABBC750C20A131B300825365 /* GTProgressBarLabelPosition.swift in Sources */,
				ABBC74F420A12D9800825365 /* ProgressBarController.swift in Sources */,
				AB7DEC9B209D496900B807E8 /* ViewController.swift in Sources */,
				ABBC74E4209FFCE300825365 /* PieChartController.swift in Sources */,
				ABBC750E20A131B300825365 /* HorizontalLabelPositionFrameCalculator.swift in Sources */,
				ABBC750820A131B300825365 /* FrameCalculator.swift in Sources */,
				ABBC753220A13AE600825365 /* AllChartsController.swift in Sources */,
				ABBC750B20A131B300825365 /* GTProgressBarDirection.swift in Sources */,
				ABBC751020A131B300825365 /* UIViewExtensions.swift in Sources */,
				ABBC750A20A131B300825365 /* GTProgressBarCornerType.swift in Sources */,
				ABBC750D20A131B300825365 /* GTProgressBarOrientation.swift in Sources */,
				ABBC751120A131B300825365 /* VerticalLabelPositionFrameCalculator.swift in Sources */,
				ABBC750920A131B300825365 /* GTProgressBar.swift in Sources */,
				ABBC750F20A131B300825365 /* UILabelExtensions.swift in Sources */,
				ABBC74E0209E823600825365 /* OtherGraphsController.swift in Sources */,
				ABBC74E2209F6C2D00825365 /* LineGraphController.swift in Sources */,
				AB7DEC99209D496900B807E8 /* AppDelegate.swift in Sources */,
			);
			runOnlyForDeploymentPostprocessing = 0;
		};
/* End PBXSourcesBuildPhase section */

/* Begin PBXVariantGroup section */
		AB7DEC9C209D496900B807E8 /* Main.storyboard */ = {
			isa = PBXVariantGroup;
			children = (
				AB7DEC9D209D496900B807E8 /* Base */,
			);
			name = Main.storyboard;
			sourceTree = "<group>";
		};
		AB7DECA1209D496900B807E8 /* LaunchScreen.storyboard */ = {
			isa = PBXVariantGroup;
			children = (
				AB7DECA2209D496900B807E8 /* Base */,
			);
			name = LaunchScreen.storyboard;
			sourceTree = "<group>";
		};
/* End PBXVariantGroup section */

/* Begin XCBuildConfiguration section */
		AB7DECA5209D496900B807E8 /* Debug */ = {
			isa = XCBuildConfiguration;
			buildSettings = {
				ALWAYS_SEARCH_USER_PATHS = NO;
				CLANG_ANALYZER_NONNULL = YES;
				CLANG_ANALYZER_NUMBER_OBJECT_CONVERSION = YES_AGGRESSIVE;
				CLANG_CXX_LANGUAGE_STANDARD = "gnu++14";
				CLANG_CXX_LIBRARY = "libc++";
				CLANG_ENABLE_MODULES = YES;
				CLANG_ENABLE_OBJC_ARC = YES;
				CLANG_WARN_BLOCK_CAPTURE_AUTORELEASING = YES;
				CLANG_WARN_BOOL_CONVERSION = YES;
				CLANG_WARN_COMMA = YES;
				CLANG_WARN_CONSTANT_CONVERSION = YES;
				CLANG_WARN_DIRECT_OBJC_ISA_USAGE = YES_ERROR;
				CLANG_WARN_DOCUMENTATION_COMMENTS = YES;
				CLANG_WARN_EMPTY_BODY = YES;
				CLANG_WARN_ENUM_CONVERSION = YES;
				CLANG_WARN_INFINITE_RECURSION = YES;
				CLANG_WARN_INT_CONVERSION = YES;
				CLANG_WARN_NON_LITERAL_NULL_CONVERSION = YES;
				CLANG_WARN_OBJC_LITERAL_CONVERSION = YES;
				CLANG_WARN_OBJC_ROOT_CLASS = YES_ERROR;
				CLANG_WARN_RANGE_LOOP_ANALYSIS = YES;
				CLANG_WARN_STRICT_PROTOTYPES = YES;
				CLANG_WARN_SUSPICIOUS_MOVE = YES;
				CLANG_WARN_UNGUARDED_AVAILABILITY = YES_AGGRESSIVE;
				CLANG_WARN_UNREACHABLE_CODE = YES;
				CLANG_WARN__DUPLICATE_METHOD_MATCH = YES;
				CODE_SIGN_IDENTITY = "iPhone Developer";
				COPY_PHASE_STRIP = NO;
				DEBUG_INFORMATION_FORMAT = dwarf;
				ENABLE_STRICT_OBJC_MSGSEND = YES;
				ENABLE_TESTABILITY = YES;
				GCC_C_LANGUAGE_STANDARD = gnu11;
				GCC_DYNAMIC_NO_PIC = NO;
				GCC_NO_COMMON_BLOCKS = YES;
				GCC_OPTIMIZATION_LEVEL = 0;
				GCC_PREPROCESSOR_DEFINITIONS = (
					"DEBUG=1",
					"$(inherited)",
				);
				GCC_WARN_64_TO_32_BIT_CONVERSION = YES;
				GCC_WARN_ABOUT_RETURN_TYPE = YES_ERROR;
				GCC_WARN_UNDECLARED_SELECTOR = YES;
				GCC_WARN_UNINITIALIZED_AUTOS = YES_AGGRESSIVE;
				GCC_WARN_UNUSED_FUNCTION = YES;
				GCC_WARN_UNUSED_VARIABLE = YES;
				IPHONEOS_DEPLOYMENT_TARGET = 11.1;
				MTL_ENABLE_DEBUG_INFO = YES;
				ONLY_ACTIVE_ARCH = YES;
				SDKROOT = iphoneos;
				SWIFT_ACTIVE_COMPILATION_CONDITIONS = DEBUG;
				SWIFT_OPTIMIZATION_LEVEL = "-Onone";
			};
			name = Debug;
		};
		AB7DECA6209D496900B807E8 /* Release */ = {
			isa = XCBuildConfiguration;
			buildSettings = {
				ALWAYS_SEARCH_USER_PATHS = NO;
				CLANG_ANALYZER_NONNULL = YES;
				CLANG_ANALYZER_NUMBER_OBJECT_CONVERSION = YES_AGGRESSIVE;
				CLANG_CXX_LANGUAGE_STANDARD = "gnu++14";
				CLANG_CXX_LIBRARY = "libc++";
				CLANG_ENABLE_MODULES = YES;
				CLANG_ENABLE_OBJC_ARC = YES;
				CLANG_WARN_BLOCK_CAPTURE_AUTORELEASING = YES;
				CLANG_WARN_BOOL_CONVERSION = YES;
				CLANG_WARN_COMMA = YES;
				CLANG_WARN_CONSTANT_CONVERSION = YES;
				CLANG_WARN_DIRECT_OBJC_ISA_USAGE = YES_ERROR;
				CLANG_WARN_DOCUMENTATION_COMMENTS = YES;
				CLANG_WARN_EMPTY_BODY = YES;
				CLANG_WARN_ENUM_CONVERSION = YES;
				CLANG_WARN_INFINITE_RECURSION = YES;
				CLANG_WARN_INT_CONVERSION = YES;
				CLANG_WARN_NON_LITERAL_NULL_CONVERSION = YES;
				CLANG_WARN_OBJC_LITERAL_CONVERSION = YES;
				CLANG_WARN_OBJC_ROOT_CLASS = YES_ERROR;
				CLANG_WARN_RANGE_LOOP_ANALYSIS = YES;
				CLANG_WARN_STRICT_PROTOTYPES = YES;
				CLANG_WARN_SUSPICIOUS_MOVE = YES;
				CLANG_WARN_UNGUARDED_AVAILABILITY = YES_AGGRESSIVE;
				CLANG_WARN_UNREACHABLE_CODE = YES;
				CLANG_WARN__DUPLICATE_METHOD_MATCH = YES;
				CODE_SIGN_IDENTITY = "iPhone Developer";
				COPY_PHASE_STRIP = NO;
				DEBUG_INFORMATION_FORMAT = "dwarf-with-dsym";
				ENABLE_NS_ASSERTIONS = NO;
				ENABLE_STRICT_OBJC_MSGSEND = YES;
				GCC_C_LANGUAGE_STANDARD = gnu11;
				GCC_NO_COMMON_BLOCKS = YES;
				GCC_WARN_64_TO_32_BIT_CONVERSION = YES;
				GCC_WARN_ABOUT_RETURN_TYPE = YES_ERROR;
				GCC_WARN_UNDECLARED_SELECTOR = YES;
				GCC_WARN_UNINITIALIZED_AUTOS = YES_AGGRESSIVE;
				GCC_WARN_UNUSED_FUNCTION = YES;
				GCC_WARN_UNUSED_VARIABLE = YES;
				IPHONEOS_DEPLOYMENT_TARGET = 11.1;
				MTL_ENABLE_DEBUG_INFO = NO;
				SDKROOT = iphoneos;
				SWIFT_OPTIMIZATION_LEVEL = "-Owholemodule";
				VALIDATE_PRODUCT = YES;
			};
			name = Release;
		};
		AB7DECA8209D496900B807E8 /* Debug */ = {
			isa = XCBuildConfiguration;
			baseConfigurationReference = 7B4187BFDF49CAA35DB15102 /* Pods-IOS Charts.debug.xcconfig */;
			buildSettings = {
				ASSETCATALOG_COMPILER_APPICON_NAME = AppIcon;
				CODE_SIGN_STYLE = Automatic;
				DEVELOPMENT_TEAM = 63BV22WAC6;
				INFOPLIST_FILE = "IOS Charts/Info.plist";
				IPHONEOS_DEPLOYMENT_TARGET = 10.0;
				LD_RUNPATH_SEARCH_PATHS = "$(inherited) @executable_path/Frameworks";
				PRODUCT_BUNDLE_IDENTIFIER = "jallen.studios.IOS-Charts";
				PRODUCT_NAME = "$(TARGET_NAME)";
				SWIFT_VERSION = 4.0;
				TARGETED_DEVICE_FAMILY = "1,2";
			};
			name = Debug;
		};
		AB7DECA9209D496900B807E8 /* Release */ = {
			isa = XCBuildConfiguration;
			baseConfigurationReference = E61D5D192ACEA7829DB05E67 /* Pods-IOS Charts.release.xcconfig */;
			buildSettings = {
				ASSETCATALOG_COMPILER_APPICON_NAME = AppIcon;
				CODE_SIGN_STYLE = Automatic;
				DEVELOPMENT_TEAM = 63BV22WAC6;
				INFOPLIST_FILE = "IOS Charts/Info.plist";
				IPHONEOS_DEPLOYMENT_TARGET = 10.0;
				LD_RUNPATH_SEARCH_PATHS = "$(inherited) @executable_path/Frameworks";
				PRODUCT_BUNDLE_IDENTIFIER = "jallen.studios.IOS-Charts";
				PRODUCT_NAME = "$(TARGET_NAME)";
				SWIFT_VERSION = 4.0;
				TARGETED_DEVICE_FAMILY = "1,2";
			};
			name = Release;
		};
/* End XCBuildConfiguration section */

/* Begin XCConfigurationList section */
		AB7DEC90209D496900B807E8 /* Build configuration list for PBXProject "IOS Charts" */ = {
			isa = XCConfigurationList;
			buildConfigurations = (
				AB7DECA5209D496900B807E8 /* Debug */,
				AB7DECA6209D496900B807E8 /* Release */,
			);
			defaultConfigurationIsVisible = 0;
			defaultConfigurationName = Release;
		};
		AB7DECA7209D496900B807E8 /* Build configuration list for PBXNativeTarget "IOS Charts" */ = {
			isa = XCConfigurationList;
			buildConfigurations = (
				AB7DECA8209D496900B807E8 /* Debug */,
				AB7DECA9209D496900B807E8 /* Release */,
			);
			defaultConfigurationIsVisible = 0;
			defaultConfigurationName = Release;
		};
/* End XCConfigurationList section */
	};
	rootObject = AB7DEC8D209D496900B807E8 /* Project object */;
}
